
Microsoft Visual Studio Solution File, Format Version 12.00
# Visual Studio Version 17
VisualStudioVersion = 17.6.33829.357
MinimumVisualStudioVersion = 10.0.40219.1
Project("{9A19103F-16F7-4668-BE54-9A1E7A4F7556}") = "IstanbulLMC", "IstanbulLMC\IstanbulLMC.csproj", "{75E72626-DB32-4F8E-8CF4-38BD47CD61E6}"
EndProject
Global
	GlobalSection(SolutionConfigurationPlatforms) = preSolution
		Debug|Any CPU = Debug|Any CPU
		Release|Any CPU = Release|Any CPU
	EndGlobalSection
	GlobalSection(ProjectConfigurationPlatforms) = postSolution
		{75E72626-DB32-4F8E-8CF4-38BD47CD61E6}.Debug|Any CPU.ActiveCfg = Debug|Any CPU
		{75E72626-DB32-4F8E-8CF4-38BD47CD61E6}.Debug|Any CPU.Build.0 = Debug|Any CPU
		{75E72626-DB32-4F8E-8CF4-38BD47CD61E6}.Release|Any CPU.ActiveCfg = Release|Any CPU
		{75E72626-DB32-4F8E-8CF4-38BD47CD61E6}.Release|Any CPU.Build.0 = Release|Any CPU
	EndGlobalSection
	GlobalSection(SolutionProperties) = preSolution
		HideSolutionNode = FALSE
	EndGlobalSection
	GlobalSection(ExtensibilityGlobals) = postSolution
		SolutionGuid = {48483944-9C35-46A1-AE74-FBEA4E215B56}
	EndGlobalSection
EndGlobal
